lockfileVersion: '9.0'

settings:
  autoInstallPeers: true
  excludeLinksFromLockfile: false

importers:

  .:
    devDependencies:
      typescript:
        specifier: ^5.6.0
        version: 5.9.3

  packages/project-schema: {}

  packages/runtime-core:
    dependencies:
      '@internal-webar/project-schema':
        specifier: workspace:*
        version: link:../project-schema
      '@internal-webar/tracking':
        specifier: workspace:*
        version: link:../tracking

  packages/tracking: {}

  packages/tracking-image:
    dependencies:
      '@internal-webar/tracking':
        specifier: workspace:*
        version: link:../tracking

packages:

  typescript@5.9.3:
    resolution: {integrity: sha512-jl1vZzPDinLr9eUt3J/t7V6FgNEw9QjvBPdysz9KfQDD41fQrC2Y4vKQdiaUpFT4bXlb1RHhLpp8wtm6M5TgSw==}
    engines: {node: '>=14.17'}
    hasBin: true

snapshots:

  typescript@5.9.3: {}
